{
  "name": "hexo-generator-apis",
  "version": "1.1.5",
  "lockfileVersion": 3,
  "requires": true,
  "packages": {
    "": {
      "name": "hexo-generator-apis",
      "version": "1.1.5",
      "funding": [
        {
          "type": "patreon",
          "url": "https://www.patreon.com/wherewhere"
        },
        {
          "type": "爱发电",
          "url": "http://afdian.net/@wherewhere"
        }
      ],
      "license": "MIT"
    }
  }
}
